
Microsoft Visual Studio Solution File, Format Version 10.00
# Visual C++ Express 2008
Project("{8BC9CEB8-8B4A-11D0-8D11-00A0C91BC942}") = "pyhge", "pyhge\pyhge.vcproj", "{9FC334AD-BF56-4F3A-BD56-FE9C3C1338FB}"
EndProject
Global
	GlobalSection(SolutionConfigurationPlatforms) = preSolution
		Debug|Win32 = Debug|Win32
		Release|Win32 = Release|Win32
	EndGlobalSection
	GlobalSection(ProjectConfigurationPlatforms) = postSolution
		{9FC334AD-BF56-4F3A-BD56-FE9C3C1338FB}.Debug|Win32.ActiveCfg = Debug|Win32
		{9FC334AD-BF56-4F3A-BD56-FE9C3C1338FB}.Debug|Win32.Build.0 = Debug|Win32
		{9FC334AD-BF56-4F3A-BD56-FE9C3C1338FB}.Release|Win32.ActiveCfg = Release|Win32
		{9FC334AD-BF56-4F3A-BD56-FE9C3C1338FB}.Release|Win32.Build.0 = Release|Win32
	EndGlobalSection
	GlobalSection(SolutionProperties) = preSolution
		HideSolutionNode = FALSE
	EndGlobalSection
EndGlobal
